// !$*UTF8*$!
{
	archiveVersion = 1;
	classes = {
	};
	objectVersion = 46;
	objects = {

/* Begin PBXBuildFile section */
		44F128C11B9886BE00EF3EDD /* libGraphy.a in Frameworks */ = {isa = PBXBuildFile; fileRef = 44F128B51B9886BD00EF3EDD /* libGraphy.a */; };
		44F129241B98895D00EF3EDD /* GraphyAxis.m in Sources */ = {isa = PBXBuildFile; fileRef = 44F129051B98895C00EF3EDD /* GraphyAxis.m */; };
		44F129251B98895D00EF3EDD /* GraphyCoordinate.m in Sources */ = {isa = PBXBuildFile; fileRef = 44F129071B98895C00EF3EDD /* GraphyCoordinate.m */; };
		44F129261B98895D00EF3EDD /* GraphyFill.m in Sources */ = {isa = PBXBuildFile; fileRef = 44F129091B98895C00EF3EDD /* GraphyFill.m */; };
		44F129271B98895D00EF3EDD /* GraphyGraduation.m in Sources */ = {isa = PBXBuildFile; fileRef = 44F1290B1B98895C00EF3EDD /* GraphyGraduation.m */; };
		44F129281B98895D00EF3EDD /* GraphyGraph.m in Sources */ = {isa = PBXBuildFile; fileRef = 44F1290D1B98895C00EF3EDD /* GraphyGraph.m */; };
		44F129291B98895D00EF3EDD /* GraphyLabel.m in Sources */ = {isa = PBXBuildFile; fileRef = 44F1290F1B98895C00EF3EDD /* GraphyLabel.m */; };
		44F1292A1B98895D00EF3EDD /* GraphyLegend.m in Sources */ = {isa = PBXBuildFile; fileRef = 44F129111B98895C00EF3EDD /* GraphyLegend.m */; };
		44F1292B1B98895D00EF3EDD /* GraphyPlot.m in Sources */ = {isa = PBXBuildFile; fileRef = 44F129131B98895D00EF3EDD /* GraphyPlot.m */; };
		44F1292C1B98895D00EF3EDD /* GraphyPlotPart.m in Sources */ = {isa = PBXBuildFile; fileRef = 44F129151B98895D00EF3EDD /* GraphyPlotPart.m */; };
		44F1292D1B98895D00EF3EDD /* GraphyRange.m in Sources */ = {isa = PBXBuildFile; fileRef = 44F129171B98895D00EF3EDD /* GraphyRange.m */; };
		44F1292E1B98895D00EF3EDD /* GraphyScale.m in Sources */ = {isa = PBXBuildFile; fileRef = 44F129191B98895D00EF3EDD /* GraphyScale.m */; };
		44F1292F1B98895D00EF3EDD /* GraphyView.m in Sources */ = {isa = PBXBuildFile; fileRef = 44F1291B1B98895D00EF3EDD /* GraphyView.m */; };
		44F129301B98895D00EF3EDD /* GraphyXAxis.m in Sources */ = {isa = PBXBuildFile; fileRef = 44F1291D1B98895D00EF3EDD /* GraphyXAxis.m */; };
		44F129311B98895D00EF3EDD /* GraphyXGraduation.m in Sources */ = {isa = PBXBuildFile; fileRef = 44F1291F1B98895D00EF3EDD /* GraphyXGraduation.m */; };
		44F129321B98895D00EF3EDD /* GraphyYAxis.m in Sources */ = {isa = PBXBuildFile; fileRef = 44F129211B98895D00EF3EDD /* GraphyYAxis.m */; };
		44F129331B98895D00EF3EDD /* GraphyYGraduation.m in Sources */ = {isa = PBXBuildFile; fileRef = 44F129231B98895D00EF3EDD /* GraphyYGraduation.m */; };
/* End PBXBuildFile section */

/* Begin PBXContainerItemProxy section */
		44F128C21B9886BE00EF3EDD /* PBXContainerItemProxy */ = {
			isa = PBXContainerItemProxy;
			containerPortal = 44F128AD1B9886BD00EF3EDD /* Project object */;
			proxyType = 1;
			remoteGlobalIDString = 44F128B41B9886BD00EF3EDD;
			remoteInfo = Graphy;
		};
/* End PBXContainerItemProxy section */

/* Begin PBXCopyFilesBuildPhase section */
		44F128B31B9886BD00EF3EDD /* CopyFiles */ = {
			isa = PBXCopyFilesBuildPhase;
			buildActionMask = 2147483647;
			dstPath = "include/$(PRODUCT_NAME)";
			dstSubfolderSpec = 16;
			files = (
			);
			runOnlyForDeploymentPostprocessing = 0;
		};
/* End PBXCopyFilesBuildPhase section */

/* Begin PBXFileReference section */
		44F128B51B9886BD00EF3EDD /* libGraphy.a */ = {isa = PBXFileReference; explicitFileType = archive.ar; includeInIndex = 0; path = libGraphy.a; sourceTree = BUILT_PRODUCTS_DIR; };
		44F128C01B9886BE00EF3EDD /* GraphyTests.xctest */ = {isa = PBXFileReference; explicitFileType = wrapper.cfbundle; includeInIndex = 0; path = GraphyTests.xctest; sourceTree = BUILT_PRODUCTS_DIR; };
		44F128C61B9886BE00EF3EDD /* Info.plist */ = {isa = PBXFileReference; lastKnownFileType = text.plist.xml; path = Info.plist; sourceTree = "<group>"; };
		44F129021B98894B00EF3EDD /* trace_def.h */ = {isa = PBXFileReference; fileEncoding = 4; lastKnownFileType = sourcecode.c.h; name = trace_def.h; path = Source/trace_def.h; sourceTree = SOURCE_ROOT; };
		44F129031B98895C00EF3EDD /* Graphy_defs.h */ = {isa = PBXFileReference; fileEncoding = 4; lastKnownFileType = sourcecode.c.h; name = Graphy_defs.h; path = Source/Classes/Graphy_defs.h; sourceTree = SOURCE_ROOT; };
		44F129041B98895C00EF3EDD /* GraphyAxis.h */ = {isa = PBXFileReference; fileEncoding = 4; lastKnownFileType = sourcecode.c.h; name = GraphyAxis.h; path = Source/Classes/GraphyAxis.h; sourceTree = SOURCE_ROOT; };
		44F129051B98895C00EF3EDD /* GraphyAxis.m */ = {isa = PBXFileReference; fileEncoding = 4; lastKnownFileType = sourcecode.c.objc; name = GraphyAxis.m; path = Source/Classes/GraphyAxis.m; sourceTree = SOURCE_ROOT; };
		44F129061B98895C00EF3EDD /* GraphyCoordinate.h */ = {isa = PBXFileReference; fileEncoding = 4; lastKnownFileType = sourcecode.c.h; name = GraphyCoordinate.h; path = Source/Classes/GraphyCoordinate.h; sourceTree = SOURCE_ROOT; };
		44F129071B98895C00EF3EDD /* GraphyCoordinate.m */ = {isa = PBXFileReference; fileEncoding = 4; lastKnownFileType = sourcecode.c.objc; name = GraphyCoordinate.m; path = Source/Classes/GraphyCoordinate.m; sourceTree = SOURCE_ROOT; };
		44F129081B98895C00EF3EDD /* GraphyFill.h */ = {isa = PBXFileReference; fileEncoding = 4; lastKnownFileType = sourcecode.c.h; name = GraphyFill.h; path = Source/Classes/GraphyFill.h; sourceTree = SOURCE_ROOT; };
		44F129091B98895C00EF3EDD /* GraphyFill.m */ = {isa = PBXFileReference; fileEncoding = 4; lastKnownFileType = sourcecode.c.objc; name = GraphyFill.m; path = Source/Classes/GraphyFill.m; sourceTree = SOURCE_ROOT; };
		44F1290A1B98895C00EF3EDD /* GraphyGraduation.h */ = {isa = PBXFileReference; fileEncoding = 4; lastKnownFileType = sourcecode.c.h; name = GraphyGraduation.h; path = Source/Classes/GraphyGraduation.h; sourceTree = SOURCE_ROOT; };
		44F1290B1B98895C00EF3EDD /* GraphyGraduation.m */ = {isa = PBXFileReference; fileEncoding = 4; lastKnownFileType = sourcecode.c.objc; name = GraphyGraduation.m; path = Source/Classes/GraphyGraduation.m; sourceTree = SOURCE_ROOT; };
		44F1290C1B98895C00EF3EDD /* GraphyGraph.h */ = {isa = PBXFileReference; fileEncoding = 4; lastKnownFileType = sourcecode.c.h; name = GraphyGraph.h; path = Source/Classes/GraphyGraph.h; sourceTree = SOURCE_ROOT; };
		44F1290D1B98895C00EF3EDD /* GraphyGraph.m */ = {isa = PBXFileReference; fileEncoding = 4; lastKnownFileType = sourcecode.c.objc; name = GraphyGraph.m; path = Source/Classes/GraphyGraph.m; sourceTree = SOURCE_ROOT; };
		44F1290E1B98895C00EF3EDD /* GraphyLabel.h */ = {isa = PBXFileReference; fileEncoding = 4; lastKnownFileType = sourcecode.c.h; name = GraphyLabel.h; path = Source/Classes/GraphyLabel.h; sourceTree = SOURCE_ROOT; };
		44F1290F1B98895C00EF3EDD /* GraphyLabel.m */ = {isa = PBXFileReference; fileEncoding = 4; lastKnownFileType = sourcecode.c.objc; name = GraphyLabel.m; path = Source/Classes/GraphyLabel.m; sourceTree = SOURCE_ROOT; };
		44F129101B98895C00EF3EDD /* GraphyLegend.h */ = {isa = PBXFileReference; fileEncoding = 4; lastKnownFileType = sourcecode.c.h; name = GraphyLegend.h; path = Source/Classes/GraphyLegend.h; sourceTree = SOURCE_ROOT; };
		44F129111B98895C00EF3EDD /* GraphyLegend.m */ = {isa = PBXFileReference; fileEncoding = 4; lastKnownFileType = sourcecode.c.objc; name = GraphyLegend.m; path = Source/Classes/GraphyLegend.m; sourceTree = SOURCE_ROOT; };
		44F129121B98895D00EF3EDD /* GraphyPlot.h */ = {isa = PBXFileReference; fileEncoding = 4; lastKnownFileType = sourcecode.c.h; name = GraphyPlot.h; path = Source/Classes/GraphyPlot.h; sourceTree = SOURCE_ROOT; };
		44F129131B98895D00EF3EDD /* GraphyPlot.m */ = {isa = PBXFileReference; fileEncoding = 4; lastKnownFileType = sourcecode.c.objc; name = GraphyPlot.m; path = Source/Classes/GraphyPlot.m; sourceTree = SOURCE_ROOT; };
		44F129141B98895D00EF3EDD /* GraphyPlotPart.h */ = {isa = PBXFileReference; fileEncoding = 4; lastKnownFileType = sourcecode.c.h; name = GraphyPlotPart.h; path = Source/Classes/GraphyPlotPart.h; sourceTree = SOURCE_ROOT; };
		44F129151B98895D00EF3EDD /* GraphyPlotPart.m */ = {isa = PBXFileReference; fileEncoding = 4; lastKnownFileType = sourcecode.c.objc; name = GraphyPlotPart.m; path = Source/Classes/GraphyPlotPart.m; sourceTree = SOURCE_ROOT; };
		44F129161B98895D00EF3EDD /* GraphyRange.h */ = {isa = PBXFileReference; fileEncoding = 4; lastKnownFileType = sourcecode.c.h; name = GraphyRange.h; path = Source/Classes/GraphyRange.h; sourceTree = SOURCE_ROOT; };
		44F129171B98895D00EF3EDD /* GraphyRange.m */ = {isa = PBXFileReference; fileEncoding = 4; lastKnownFileType = sourcecode.c.objc; name = GraphyRange.m; path = Source/Classes/GraphyRange.m; sourceTree = SOURCE_ROOT; };
		44F129181B98895D00EF3EDD /* GraphyScale.h */ = {isa = PBXFileReference; fileEncoding = 4; lastKnownFileType = sourcecode.c.h; name = GraphyScale.h; path = Source/Classes/GraphyScale.h; sourceTree = SOURCE_ROOT; };
		44F129191B98895D00EF3EDD /* GraphyScale.m */ = {isa = PBXFileReference; fileEncoding = 4; lastKnownFileType = sourcecode.c.objc; name = GraphyScale.m; path = Source/Classes/GraphyScale.m; sourceTree = SOURCE_ROOT; };
		44F1291A1B98895D00EF3EDD /* GraphyView.h */ = {isa = PBXFileReference; fileEncoding = 4; lastKnownFileType = sourcecode.c.h; name = GraphyView.h; path = Source/Classes/GraphyView.h; sourceTree = SOURCE_ROOT; };
		44F1291B1B98895D00EF3EDD /* GraphyView.m */ = {isa = PBXFileReference; fileEncoding = 4; lastKnownFileType = sourcecode.c.objc; name = GraphyView.m; path = Source/Classes/GraphyView.m; sourceTree = SOURCE_ROOT; };
		44F1291C1B98895D00EF3EDD /* GraphyXAxis.h */ = {isa = PBXFileReference; fileEncoding = 4; lastKnownFileType = sourcecode.c.h; name = GraphyXAxis.h; path = Source/Classes/GraphyXAxis.h; sourceTree = SOURCE_ROOT; };
		44F1291D1B98895D00EF3EDD /* GraphyXAxis.m */ = {isa = PBXFileReference; fileEncoding = 4; lastKnownFileType = sourcecode.c.objc; name = GraphyXAxis.m; path = Source/Classes/GraphyXAxis.m; sourceTree = SOURCE_ROOT; };
		44F1291E1B98895D00EF3EDD /* GraphyXGraduation.h */ = {isa = PBXFileReference; fileEncoding = 4; lastKnownFileType = sourcecode.c.h; name = GraphyXGraduation.h; path = Source/Classes/GraphyXGraduation.h; sourceTree = SOURCE_ROOT; };
		44F1291F1B98895D00EF3EDD /* GraphyXGraduation.m */ = {isa = PBXFileReference; fileEncoding = 4; lastKnownFileType = sourcecode.c.objc; name = GraphyXGraduation.m; path = Source/Classes/GraphyXGraduation.m; sourceTree = SOURCE_ROOT; };
		44F129201B98895D00EF3EDD /* GraphyYAxis.h */ = {isa = PBXFileReference; fileEncoding = 4; lastKnownFileType = sourcecode.c.h; name = GraphyYAxis.h; path = Source/Classes/GraphyYAxis.h; sourceTree = SOURCE_ROOT; };
		44F129211B98895D00EF3EDD /* GraphyYAxis.m */ = {isa = PBXFileReference; fileEncoding = 4; lastKnownFileType = sourcecode.c.objc; name = GraphyYAxis.m; path = Source/Classes/GraphyYAxis.m; sourceTree = SOURCE_ROOT; };
		44F129221B98895D00EF3EDD /* GraphyYGraduation.h */ = {isa = PBXFileReference; fileEncoding = 4; lastKnownFileType = sourcecode.c.h; name = GraphyYGraduation.h; path = Source/Classes/GraphyYGraduation.h; sourceTree = SOURCE_ROOT; };
		44F129231B98895D00EF3EDD /* GraphyYGraduation.m */ = {isa = PBXFileReference; fileEncoding = 4; lastKnownFileType = sourcecode.c.objc; name = GraphyYGraduation.m; path = Source/Classes/GraphyYGraduation.m; sourceTree = SOURCE_ROOT; };
/* End PBXFileReference section */

/* Begin PBXFrameworksBuildPhase section */
		44F128B21B9886BD00EF3EDD /* Frameworks */ = {
			isa = PBXFrameworksBuildPhase;
			buildActionMask = 2147483647;
			files = (
			);
			runOnlyForDeploymentPostprocessing = 0;
		};
		44F128BD1B9886BE00EF3EDD /* Frameworks */ = {
			isa = PBXFrameworksBuildPhase;
			buildActionMask = 2147483647;
			files = (
				44F128C11B9886BE00EF3EDD /* libGraphy.a in Frameworks */,
			);
			runOnlyForDeploymentPostprocessing = 0;
		};
/* End PBXFrameworksBuildPhase section */

/* Begin PBXGroup section */
		44F128AC1B9886BD00EF3EDD = {
			isa = PBXGroup;
			children = (
				44F128B71B9886BD00EF3EDD /* Graphy */,
				44F128C41B9886BE00EF3EDD /* GraphyTests */,
				44F128B61B9886BD00EF3EDD /* Products */,
			);
			sourceTree = "<group>";
		};
		44F128B61B9886BD00EF3EDD /* Products */ = {
			isa = PBXGroup;
			children = (
				44F128B51B9886BD00EF3EDD /* libGraphy.a */,
				44F128C01B9886BE00EF3EDD /* GraphyTests.xctest */,
			);
			name = Products;
			sourceTree = "<group>";
		};
		44F128B71B9886BD00EF3EDD /* Graphy */ = {
			isa = PBXGroup;
			children = (
				44F129031B98895C00EF3EDD /* Graphy_defs.h */,
				44F129041B98895C00EF3EDD /* GraphyAxis.h */,
				44F129051B98895C00EF3EDD /* GraphyAxis.m */,
				44F129061B98895C00EF3EDD /* GraphyCoordinate.h */,
				44F129071B98895C00EF3EDD /* GraphyCoordinate.m */,
				44F129081B98895C00EF3EDD /* GraphyFill.h */,
				44F129091B98895C00EF3EDD /* GraphyFill.m */,
				44F1290A1B98895C00EF3EDD /* GraphyGraduation.h */,
				44F1290B1B98895C00EF3EDD /* GraphyGraduation.m */,
				44F1290C1B98895C00EF3EDD /* GraphyGraph.h */,
				44F1290D1B98895C00EF3EDD /* GraphyGraph.m */,
				44F1290E1B98895C00EF3EDD /* GraphyLabel.h */,
				44F1290F1B98895C00EF3EDD /* GraphyLabel.m */,
				44F129101B98895C00EF3EDD /* GraphyLegend.h */,
				44F129111B98895C00EF3EDD /* GraphyLegend.m */,
				44F129121B98895D00EF3EDD /* GraphyPlot.h */,
				44F129131B98895D00EF3EDD /* GraphyPlot.m */,
				44F129141B98895D00EF3EDD /* GraphyPlotPart.h */,
				44F129151B98895D00EF3EDD /* GraphyPlotPart.m */,
				44F129161B98895D00EF3EDD /* GraphyRange.h */,
				44F129171B98895D00EF3EDD /* GraphyRange.m */,
				44F129181B98895D00EF3EDD /* GraphyScale.h */,
				44F129191B98895D00EF3EDD /* GraphyScale.m */,
				44F1291A1B98895D00EF3EDD /* GraphyView.h */,
				44F1291B1B98895D00EF3EDD /* GraphyView.m */,
				44F1291C1B98895D00EF3EDD /* GraphyXAxis.h */,
				44F1291D1B98895D00EF3EDD /* GraphyXAxis.m */,
				44F1291E1B98895D00EF3EDD /* GraphyXGraduation.h */,
				44F1291F1B98895D00EF3EDD /* GraphyXGraduation.m */,
				44F129201B98895D00EF3EDD /* GraphyYAxis.h */,
				44F129211B98895D00EF3EDD /* GraphyYAxis.m */,
				44F129221B98895D00EF3EDD /* GraphyYGraduation.h */,
				44F129231B98895D00EF3EDD /* GraphyYGraduation.m */,
				44F129001B98871D00EF3EDD /* External */,
			);
			path = Graphy;
			sourceTree = "<group>";
		};
		44F128C41B9886BE00EF3EDD /* GraphyTests */ = {
			isa = PBXGroup;
			children = (
				44F128C51B9886BE00EF3EDD /* Supporting Files */,
			);
			path = GraphyTests;
			sourceTree = "<group>";
		};
		44F128C51B9886BE00EF3EDD /* Supporting Files */ = {
			isa = PBXGroup;
			children = (
				44F128C61B9886BE00EF3EDD /* Info.plist */,
			);
			name = "Supporting Files";
			sourceTree = "<group>";
		};
		44F129001B98871D00EF3EDD /* External */ = {
			isa = PBXGroup;
			children = (
				44F129021B98894B00EF3EDD /* trace_def.h */,
			);
			name = External;
			sourceTree = "<group>";
		};
/* End PBXGroup section */

/* Begin PBXNativeTarget section */
		44F128B41B9886BD00EF3EDD /* Graphy */ = {
			isa = PBXNativeTarget;
			buildConfigurationList = 44F128C91B9886BE00EF3EDD /* Build configuration list for PBXNativeTarget "Graphy" */;
			buildPhases = (
				44F128B11B9886BD00EF3EDD /* Sources */,
				44F128B21B9886BD00EF3EDD /* Frameworks */,
				44F128B31B9886BD00EF3EDD /* CopyFiles */,
			);
			buildRules = (
			);
			dependencies = (
			);
			name = Graphy;
			productName = Graphy;
			productReference = 44F128B51B9886BD00EF3EDD /* libGraphy.a */;
			productType = "com.apple.product-type.library.static";
		};
		44F128BF1B9886BE00EF3EDD /* GraphyTests */ = {
			isa = PBXNativeTarget;
			buildConfigurationList = 44F128CC1B9886BE00EF3EDD /* Build configuration list for PBXNativeTarget "GraphyTests" */;
			buildPhases = (
				44F128BC1B9886BE00EF3EDD /* Sources */,
				44F128BD1B9886BE00EF3EDD /* Frameworks */,
				44F128BE1B9886BE00EF3EDD /* Resources */,
			);
			buildRules = (
			);
			dependencies = (
				44F128C31B9886BE00EF3EDD /* PBXTargetDependency */,
			);
			name = GraphyTests;
			productName = GraphyTests;
			productReference = 44F128C01B9886BE00EF3EDD /* GraphyTests.xctest */;
			productType = "com.apple.product-type.bundle.unit-test";
		};
/* End PBXNativeTarget section */

/* Begin PBXProject section */
		44F128AD1B9886BD00EF3EDD /* Project object */ = {
			isa = PBXProject;
			attributes = {
				LastUpgradeCheck = 0640;
				ORGANIZATIONNAME = "Delaney & Morgan Computing";
				TargetAttributes = {
					44F128B41B9886BD00EF3EDD = {
						CreatedOnToolsVersion = 6.4;
					};
					44F128BF1B9886BE00EF3EDD = {
						CreatedOnToolsVersion = 6.4;
					};
				};
			};
			buildConfigurationList = 44F128B01B9886BD00EF3EDD /* Build configuration list for PBXProject "Graphy" */;
			compatibilityVersion = "Xcode 3.2";
			developmentRegion = English;
			hasScannedForEncodings = 0;
			knownRegions = (
				en,
			);
			mainGroup = 44F128AC1B9886BD00EF3EDD;
			productRefGroup = 44F128B61B9886BD00EF3EDD /* Products */;
			projectDirPath = "";
			projectRoot = "";
			targets = (
				44F128B41B9886BD00EF3EDD /* Graphy */,
				44F128BF1B9886BE00EF3EDD /* GraphyTests */,
			);
		};
/* End PBXProject section */

/* Begin PBXResourcesBuildPhase section */
		44F128BE1B9886BE00EF3EDD /* Resources */ = {
			isa = PBXResourcesBuildPhase;
			buildActionMask = 2147483647;
			files = (
			);
			runOnlyForDeploymentPostprocessing = 0;
		};
/* End PBXResourcesBuildPhase section */

/* Begin PBXSourcesBuildPhase section */
		44F128B11B9886BD00EF3EDD /* Sources */ = {
			isa = PBXSourcesBuildPhase;
			buildActionMask = 2147483647;
			files = (
				44F129321B98895D00EF3EDD /* GraphyYAxis.m in Sources */,
				44F129331B98895D00EF3EDD /* GraphyYGraduation.m in Sources */,
				44F1292A1B98895D00EF3EDD /* GraphyLegend.m in Sources */,
				44F129251B98895D00EF3EDD /* GraphyCoordinate.m in Sources */,
				44F1292F1B98895D00EF3EDD /* GraphyView.m in Sources */,
				44F1292E1B98895D00EF3EDD /* GraphyScale.m in Sources */,
				44F1292C1B98895D00EF3EDD /* GraphyPlotPart.m in Sources */,
				44F129311B98895D00EF3EDD /* GraphyXGraduation.m in Sources */,
				44F1292D1B98895D00EF3EDD /* GraphyRange.m in Sources */,
				44F129301B98895D00EF3EDD /* GraphyXAxis.m in Sources */,
				44F129291B98895D00EF3EDD /* GraphyLabel.m in Sources */,
				44F129281B98895D00EF3EDD /* GraphyGraph.m in Sources */,
				44F1292B1B98895D00EF3EDD /* GraphyPlot.m in Sources */,
				44F129271B98895D00EF3EDD /* GraphyGraduation.m in Sources */,
				44F129261B98895D00EF3EDD /* GraphyFill.m in Sources */,
				44F129241B98895D00EF3EDD /* GraphyAxis.m in Sources */,
			);
			runOnlyForDeploymentPostprocessing = 0;
		};
		44F128BC1B9886BE00EF3EDD /* Sources */ = {
			isa = PBXSourcesBuildPhase;
			buildActionMask = 2147483647;
			files = (
			);
			runOnlyForDeploymentPostprocessing = 0;
		};
/* End PBXSourcesBuildPhase section */

/* Begin PBXTargetDependency section */
		44F128C31B9886BE00EF3EDD /* PBXTargetDependency */ = {
			isa = PBXTargetDependency;
			target = 44F128B41B9886BD00EF3EDD /* Graphy */;
			targetProxy = 44F128C21B9886BE00EF3EDD /* PBXContainerItemProxy */;
		};
/* End PBXTargetDependency section */

/* Begin XCBuildConfiguration section */
		44F128C71B9886BE00EF3EDD /* Debug */ = {
			isa = XCBuildConfiguration;
			buildSettings = {
				ALWAYS_SEARCH_USER_PATHS = NO;
				CLANG_CXX_LANGUAGE_STANDARD = "gnu++0x";
				CLANG_CXX_LIBRARY = "libc++";
				CLANG_ENABLE_MODULES = YES;
				CLANG_ENABLE_OBJC_ARC = YES;
				CLANG_WARN_BOOL_CONVERSION = YES;
				CLANG_WARN_CONSTANT_CONVERSION = YES;
				CLANG_WARN_DIRECT_OBJC_ISA_USAGE = YES_ERROR;
				CLANG_WARN_EMPTY_BODY = YES;
				CLANG_WARN_ENUM_CONVERSION = YES;
				CLANG_WARN_INT_CONVERSION = YES;
				CLANG_WARN_OBJC_ROOT_CLASS = YES_ERROR;
				CLANG_WARN_UNREACHABLE_CODE = YES;
				CLANG_WARN__DUPLICATE_METHOD_MATCH = YES;
				COPY_PHASE_STRIP = NO;
				DEBUG_INFORMATION_FORMAT = "dwarf-with-dsym";
				ENABLE_STRICT_OBJC_MSGSEND = YES;
				GCC_C_LANGUAGE_STANDARD = gnu99;
				GCC_DYNAMIC_NO_PIC = NO;
				GCC_NO_COMMON_BLOCKS = YES;
				GCC_OPTIMIZATION_LEVEL = 0;
				GCC_PREPROCESSOR_DEFINITIONS = (
					"DEBUG=1",
					"$(inherited)",
				);
				GCC_SYMBOLS_PRIVATE_EXTERN = NO;
				GCC_WARN_64_TO_32_BIT_CONVERSION = YES;
				GCC_WARN_ABOUT_RETURN_TYPE = YES_ERROR;
				GCC_WARN_UNDECLARED_SELECTOR = YES;
				GCC_WARN_UNINITIALIZED_AUTOS = YES_AGGRESSIVE;
				GCC_WARN_UNUSED_FUNCTION = YES;
				GCC_WARN_UNUSED_VARIABLE = YES;
				IPHONEOS_DEPLOYMENT_TARGET = 8.4;
				MTL_ENABLE_DEBUG_INFO = YES;
				ONLY_ACTIVE_ARCH = YES;
				SDKROOT = iphoneos;
			};
			name = Debug;
		};
		44F128C81B9886BE00EF3EDD /* Release */ = {
			isa = XCBuildConfiguration;
			buildSettings = {
				ALWAYS_SEARCH_USER_PATHS = NO;
				CLANG_CXX_LANGUAGE_STANDARD = "gnu++0x";
				CLANG_CXX_LIBRARY = "libc++";
				CLANG_ENABLE_MODULES = YES;
				CLANG_ENABLE_OBJC_ARC = YES;
				CLANG_WARN_BOOL_CONVERSION = YES;
				CLANG_WARN_CONSTANT_CONVERSION = YES;
				CLANG_WARN_DIRECT_OBJC_ISA_USAGE = YES_ERROR;
				CLANG_WARN_EMPTY_BODY = YES;
				CLANG_WARN_ENUM_CONVERSION = YES;
				CLANG_WARN_INT_CONVERSION = YES;
				CLANG_WARN_OBJC_ROOT_CLASS = YES_ERROR;
				CLANG_WARN_UNREACHABLE_CODE = YES;
				CLANG_WARN__DUPLICATE_METHOD_MATCH = YES;
				COPY_PHASE_STRIP = NO;
				DEBUG_INFORMATION_FORMAT = "dwarf-with-dsym";
				ENABLE_NS_ASSERTIONS = NO;
				ENABLE_STRICT_OBJC_MSGSEND = YES;
				GCC_C_LANGUAGE_STANDARD = gnu99;
				GCC_NO_COMMON_BLOCKS = YES;
				GCC_WARN_64_TO_32_BIT_CONVERSION = YES;
				GCC_WARN_ABOUT_RETURN_TYPE = YES_ERROR;
				GCC_WARN_UNDECLARED_SELECTOR = YES;
				GCC_WARN_UNINITIALIZED_AUTOS = YES_AGGRESSIVE;
				GCC_WARN_UNUSED_FUNCTION = YES;
				GCC_WARN_UNUSED_VARIABLE = YES;
				IPHONEOS_DEPLOYMENT_TARGET = 8.4;
				MTL_ENABLE_DEBUG_INFO = NO;
				SDKROOT = iphoneos;
				VALIDATE_PRODUCT = YES;
			};
			name = Release;
		};
		44F128CA1B9886BE00EF3EDD /* Debug */ = {
			isa = XCBuildConfiguration;
			buildSettings = {
				OTHER_LDFLAGS = "-ObjC";
				PRODUCT_NAME = "$(TARGET_NAME)";
				SKIP_INSTALL = YES;
			};
			name = Debug;
		};
		44F128CB1B9886BE00EF3EDD /* Release */ = {
			isa = XCBuildConfiguration;
			buildSettings = {
				OTHER_LDFLAGS = "-ObjC";
				PRODUCT_NAME = "$(TARGET_NAME)";
				SKIP_INSTALL = YES;
			};
			name = Release;
		};
		44F128CD1B9886BE00EF3EDD /* Debug */ = {
			isa = XCBuildConfiguration;
			buildSettings = {
				"CODE_SIGN_IDENTITY[sdk=iphoneos*]" = "iPhone Developer";
				FRAMEWORK_SEARCH_PATHS = (
					"$(SDKROOT)/Developer/Library/Frameworks",
					"$(inherited)",
				);
				GCC_PREPROCESSOR_DEFINITIONS = (
					"DEBUG=1",
					"$(inherited)",
				);
				INFOPLIST_FILE = GraphyTests/Info.plist;
				LD_RUNPATH_SEARCH_PATHS = "$(inherited) @executable_path/Frameworks @loader_path/Frameworks";
				PRODUCT_NAME = "$(TARGET_NAME)";
			};
			name = Debug;
		};
		44F128CE1B9886BE00EF3EDD /* Release */ = {
			isa = XCBuildConfiguration;
			buildSettings = {
				"CODE_SIGN_IDENTITY[sdk=iphoneos*]" = "iPhone Developer";
				FRAMEWORK_SEARCH_PATHS = (
					"$(SDKROOT)/Developer/Library/Frameworks",
					"$(inherited)",
				);
				INFOPLIST_FILE = GraphyTests/Info.plist;
				LD_RUNPATH_SEARCH_PATHS = "$(inherited) @executable_path/Frameworks @loader_path/Frameworks";
				PRODUCT_NAME = "$(TARGET_NAME)";
			};
			name = Release;
		};
/* End XCBuildConfiguration section */

/* Begin XCConfigurationList section */
		44F128B01B9886BD00EF3EDD /* Build configuration list for PBXProject "Graphy" */ = {
			isa = XCConfigurationList;
			buildConfigurations = (
				44F128C71B9886BE00EF3EDD /* Debug */,
				44F128C81B9886BE00EF3EDD /* Release */,
			);
			defaultConfigurationIsVisible = 0;
			defaultConfigurationName = Release;
		};
		44F128C91B9886BE00EF3EDD /* Build configuration list for PBXNativeTarget "Graphy" */ = {
			isa = XCConfigurationList;
			buildConfigurations = (
				44F128CA1B9886BE00EF3EDD /* Debug */,
				44F128CB1B9886BE00EF3EDD /* Release */,
			);
			defaultConfigurationIsVisible = 0;
			defaultConfigurationName = Release;
		};
		44F128CC1B9886BE00EF3EDD /* Build configuration list for PBXNativeTarget "GraphyTests" */ = {
			isa = XCConfigurationList;
			buildConfigurations = (
				44F128CD1B9886BE00EF3EDD /* Debug */,
				44F128CE1B9886BE00EF3EDD /* Release */,
			);
			defaultConfigurationIsVisible = 0;
			defaultConfigurationName = Release;
		};
/* End XCConfigurationList section */
	};
	rootObject = 44F128AD1B9886BD00EF3EDD /* Project object */;
}
